// !$*UTF8*$!
{
	archiveVersion = 1;
	classes = {
	};
	objectVersion = 50;
	objects = {

/* Begin PBXBuildFile section */
		680E21E724799F35001156E3 /* ProfileController.swift in Sources */ = {isa = PBXBuildFile; fileRef = 680E21E524799F35001156E3 /* ProfileController.swift */; };
		680E21E824799F35001156E3 /* ProfileController.xib in Resources */ = {isa = PBXBuildFile; fileRef = 680E21E624799F35001156E3 /* ProfileController.xib */; };
		6843EB64247A66CA005C8FC6 /* PictureController.swift in Sources */ = {isa = PBXBuildFile; fileRef = 6843EB62247A66CA005C8FC6 /* PictureController.swift */; };
		6843EB65247A66CA005C8FC6 /* PictureController.xib in Resources */ = {isa = PBXBuildFile; fileRef = 6843EB63247A66CA005C8FC6 /* PictureController.xib */; };
		6843EB68247A6D6F005C8FC6 /* TextDataController.swift in Sources */ = {isa = PBXBuildFile; fileRef = 6843EB66247A6D6F005C8FC6 /* TextDataController.swift */; };
		6843EB69247A6D6F005C8FC6 /* TextDataController.xib in Resources */ = {isa = PBXBuildFile; fileRef = 6843EB67247A6D6F005C8FC6 /* TextDataController.xib */; };
		68B812DD247911CD00504A75 /* AppDelegate.swift in Sources */ = {isa = PBXBuildFile; fileRef = 68B812DC247911CD00504A75 /* AppDelegate.swift */; };
		68B812E4247911CD00504A75 /* Main.storyboard in Resources */ = {isa = PBXBuildFile; fileRef = 68B812E2247911CD00504A75 /* Main.storyboard */; };
		68B812E6247911D200504A75 /* Assets.xcassets in Resources */ = {isa = PBXBuildFile; fileRef = 68B812E5247911D200504A75 /* Assets.xcassets */; };
		68B812E9247911D200504A75 /* LaunchScreen.storyboard in Resources */ = {isa = PBXBuildFile; fileRef = 68B812E7247911D200504A75 /* LaunchScreen.storyboard */; };
		68B812FB247914EF00504A75 /* TableViewController.swift in Sources */ = {isa = PBXBuildFile; fileRef = 68B812F8247914EF00504A75 /* TableViewController.swift */; };
		68B812FC247914EF00504A75 /* NavigationController.swift in Sources */ = {isa = PBXBuildFile; fileRef = 68B812F9247914EF00504A75 /* NavigationController.swift */; };
		68B812FD247914EF00504A75 /* ViewController.swift in Sources */ = {isa = PBXBuildFile; fileRef = 68B812FA247914EF00504A75 /* ViewController.swift */; };
		68B812FF2479153C00504A75 /* SeparatedProtocol.swift in Sources */ = {isa = PBXBuildFile; fileRef = 68B812FE2479153C00504A75 /* SeparatedProtocol.swift */; };
		68B813012479154500504A75 /* TableCell.swift in Sources */ = {isa = PBXBuildFile; fileRef = 68B813002479154500504A75 /* TableCell.swift */; };
		68B813042479161300504A75 /* NSObject.swift in Sources */ = {isa = PBXBuildFile; fileRef = 68B813032479161200504A75 /* NSObject.swift */; };
		68B81309247917AB00504A75 /* Picture.swift in Sources */ = {isa = PBXBuildFile; fileRef = 68B81306247917AB00504A75 /* Picture.swift */; };
		68B8130A247917AB00504A75 /* TextData.swift in Sources */ = {isa = PBXBuildFile; fileRef = 68B81307247917AB00504A75 /* TextData.swift */; };
		68B8130B247917AB00504A75 /* ProFile.swift in Sources */ = {isa = PBXBuildFile; fileRef = 68B81308247917AB00504A75 /* ProFile.swift */; };
		68B813112479182A00504A75 /* ViewController26.swift in Sources */ = {isa = PBXBuildFile; fileRef = 68B813102479182A00504A75 /* ViewController26.swift */; };
		68B813152479183A00504A75 /* ProfileCell.xib in Resources */ = {isa = PBXBuildFile; fileRef = 68B813122479183900504A75 /* ProfileCell.xib */; };
		68B813162479183A00504A75 /* ProfileCell.swift in Sources */ = {isa = PBXBuildFile; fileRef = 68B813132479183A00504A75 /* ProfileCell.swift */; };
		68B8131C24791B7800504A75 /* PictureCell.swift in Sources */ = {isa = PBXBuildFile; fileRef = 68B8131A24791B7800504A75 /* PictureCell.swift */; };
		68B8131D24791B7800504A75 /* PictureCell.xib in Resources */ = {isa = PBXBuildFile; fileRef = 68B8131B24791B7800504A75 /* PictureCell.xib */; };
		68B8132024791B9600504A75 /* TextDataCell.swift in Sources */ = {isa = PBXBuildFile; fileRef = 68B8131E24791B9600504A75 /* TextDataCell.swift */; };
		68B8132124791B9600504A75 /* TextDataCell.xib in Resources */ = {isa = PBXBuildFile; fileRef = 68B8131F24791B9600504A75 /* TextDataCell.xib */; };
/* End PBXBuildFile section */

/* Begin PBXFileReference section */
		680E21E524799F35001156E3 /* ProfileController.swift */ = {isa = PBXFileReference; lastKnownFileType = sourcecode.swift; path = ProfileController.swift; sourceTree = "<group>"; };
		680E21E624799F35001156E3 /* ProfileController.xib */ = {isa = PBXFileReference; lastKnownFileType = file.xib; path = ProfileController.xib; sourceTree = "<group>"; };
		6843EB62247A66CA005C8FC6 /* PictureController.swift */ = {isa = PBXFileReference; lastKnownFileType = sourcecode.swift; path = PictureController.swift; sourceTree = "<group>"; };
		6843EB63247A66CA005C8FC6 /* PictureController.xib */ = {isa = PBXFileReference; lastKnownFileType = file.xib; path = PictureController.xib; sourceTree = "<group>"; };
		6843EB66247A6D6F005C8FC6 /* TextDataController.swift */ = {isa = PBXFileReference; lastKnownFileType = sourcecode.swift; path = TextDataController.swift; sourceTree = "<group>"; };
		6843EB67247A6D6F005C8FC6 /* TextDataController.xib */ = {isa = PBXFileReference; lastKnownFileType = file.xib; path = TextDataController.xib; sourceTree = "<group>"; };
		68B812D9247911CD00504A75 /* hw_lesson19_UITableView_26_27.app */ = {isa = PBXFileReference; explicitFileType = wrapper.application; includeInIndex = 0; path = hw_lesson19_UITableView_26_27.app; sourceTree = BUILT_PRODUCTS_DIR; };
		68B812DC247911CD00504A75 /* AppDelegate.swift */ = {isa = PBXFileReference; lastKnownFileType = sourcecode.swift; path = AppDelegate.swift; sourceTree = "<group>"; };
		68B812E3247911CD00504A75 /* Base */ = {isa = PBXFileReference; lastKnownFileType = file.storyboard; name = Base; path = Base.lproj/Main.storyboard; sourceTree = "<group>"; };
		68B812E5247911D200504A75 /* Assets.xcassets */ = {isa = PBXFileReference; lastKnownFileType = folder.assetcatalog; path = Assets.xcassets; sourceTree = "<group>"; };
		68B812E8247911D200504A75 /* Base */ = {isa = PBXFileReference; lastKnownFileType = file.storyboard; name = Base; path = Base.lproj/LaunchScreen.storyboard; sourceTree = "<group>"; };
		68B812EA247911D200504A75 /* Info.plist */ = {isa = PBXFileReference; lastKnownFileType = text.plist.xml; path = Info.plist; sourceTree = "<group>"; };
		68B812F8247914EF00504A75 /* TableViewController.swift */ = {isa = PBXFileReference; fileEncoding = 4; lastKnownFileType = sourcecode.swift; path = TableViewController.swift; sourceTree = "<group>"; };
		68B812F9247914EF00504A75 /* NavigationController.swift */ = {isa = PBXFileReference; fileEncoding = 4; lastKnownFileType = sourcecode.swift; path = NavigationController.swift; sourceTree = "<group>"; };
		68B812FA247914EF00504A75 /* ViewController.swift */ = {isa = PBXFileReference; fileEncoding = 4; lastKnownFileType = sourcecode.swift; path = ViewController.swift; sourceTree = "<group>"; };
		68B812FE2479153C00504A75 /* SeparatedProtocol.swift */ = {isa = PBXFileReference; fileEncoding = 4; lastKnownFileType = sourcecode.swift; path = SeparatedProtocol.swift; sourceTree = "<group>"; };
		68B813002479154500504A75 /* TableCell.swift */ = {isa = PBXFileReference; fileEncoding = 4; lastKnownFileType = sourcecode.swift; path = TableCell.swift; sourceTree = "<group>"; };
		68B813032479161200504A75 /* NSObject.swift */ = {isa = PBXFileReference; fileEncoding = 4; lastKnownFileType = sourcecode.swift; path = NSObject.swift; sourceTree = "<group>"; };
		68B81306247917AB00504A75 /* Picture.swift */ = {isa = PBXFileReference; fileEncoding = 4; lastKnownFileType = sourcecode.swift; path = Picture.swift; sourceTree = "<group>"; };
		68B81307247917AB00504A75 /* TextData.swift */ = {isa = PBXFileReference; fileEncoding = 4; lastKnownFileType = sourcecode.swift; path = TextData.swift; sourceTree = "<group>"; };
		68B81308247917AB00504A75 /* ProFile.swift */ = {isa = PBXFileReference; fileEncoding = 4; lastKnownFileType = sourcecode.swift; path = ProFile.swift; sourceTree = "<group>"; };
		68B813102479182A00504A75 /* ViewController26.swift */ = {isa = PBXFileReference; fileEncoding = 4; lastKnownFileType = sourcecode.swift; path = ViewController26.swift; sourceTree = "<group>"; };
		68B813122479183900504A75 /* ProfileCell.xib */ = {isa = PBXFileReference; fileEncoding = 4; lastKnownFileType = file.xib; path = ProfileCell.xib; sourceTree = "<group>"; };
		68B813132479183A00504A75 /* ProfileCell.swift */ = {isa = PBXFileReference; fileEncoding = 4; lastKnownFileType = sourcecode.swift; path = ProfileCell.swift; sourceTree = "<group>"; };
		68B8131A24791B7800504A75 /* PictureCell.swift */ = {isa = PBXFileReference; lastKnownFileType = sourcecode.swift; path = PictureCell.swift; sourceTree = "<group>"; };
		68B8131B24791B7800504A75 /* PictureCell.xib */ = {isa = PBXFileReference; lastKnownFileType = file.xib; path = PictureCell.xib; sourceTree = "<group>"; };
		68B8131E24791B9600504A75 /* TextDataCell.swift */ = {isa = PBXFileReference; lastKnownFileType = sourcecode.swift; path = TextDataCell.swift; sourceTree = "<group>"; };
		68B8131F24791B9600504A75 /* TextDataCell.xib */ = {isa = PBXFileReference; lastKnownFileType = file.xib; path = TextDataCell.xib; sourceTree = "<group>"; };
/* End PBXFileReference section */

/* Begin PBXFrameworksBuildPhase section */
		68B812D6247911CD00504A75 /* Frameworks */ = {
			isa = PBXFrameworksBuildPhase;
			buildActionMask = 2147483647;
			files = (
			);
			runOnlyForDeploymentPostprocessing = 0;
		};
/* End PBXFrameworksBuildPhase section */

/* Begin PBXGroup section */
		68B812D0247911CD00504A75 = {
			isa = PBXGroup;
			children = (
				68B812DB247911CD00504A75 /* hw_lesson19_UITableView_26_27 */,
				68B812DA247911CD00504A75 /* Products */,
			);
			sourceTree = "<group>";
		};
		68B812DA247911CD00504A75 /* Products */ = {
			isa = PBXGroup;
			children = (
				68B812D9247911CD00504A75 /* hw_lesson19_UITableView_26_27.app */,
			);
			name = Products;
			sourceTree = "<group>";
		};
		68B812DB247911CD00504A75 /* hw_lesson19_UITableView_26_27 */ = {
			isa = PBXGroup;
			children = (
				68B813052479174F00504A75 /* Model */,
				68B81302247915A500504A75 /* Extention */,
				68B812F42479144B00504A75 /* UI */,
				68B812DC247911CD00504A75 /* AppDelegate.swift */,
				68B812E2247911CD00504A75 /* Main.storyboard */,
				68B812E5247911D200504A75 /* Assets.xcassets */,
				68B812E7247911D200504A75 /* LaunchScreen.storyboard */,
				68B812EA247911D200504A75 /* Info.plist */,
			);
			path = hw_lesson19_UITableView_26_27;
			sourceTree = "<group>";
		};
		68B812F42479144B00504A75 /* UI */ = {
			isa = PBXGroup;
			children = (
				68B8130C247917C200504A75 /* Task26 */,
				68B812F52479147000504A75 /* Base */,
			);
			path = UI;
			sourceTree = "<group>";
		};
		68B812F52479147000504A75 /* Base */ = {
			isa = PBXGroup;
			children = (
				68B812F9247914EF00504A75 /* NavigationController.swift */,
				68B812F8247914EF00504A75 /* TableViewController.swift */,
				68B812FA247914EF00504A75 /* ViewController.swift */,
				68B812F72479149000504A75 /* Views */,
				68B812F62479148300504A75 /* Common */,
			);
			path = Base;
			sourceTree = "<group>";
		};
		68B812F62479148300504A75 /* Common */ = {
			isa = PBXGroup;
			children = (
				68B812FE2479153C00504A75 /* SeparatedProtocol.swift */,
			);
			path = Common;
			sourceTree = "<group>";
		};
		68B812F72479149000504A75 /* Views */ = {
			isa = PBXGroup;
			children = (
				68B813002479154500504A75 /* TableCell.swift */,
			);
			path = Views;
			sourceTree = "<group>";
		};
		68B81302247915A500504A75 /* Extention */ = {
			isa = PBXGroup;
			children = (
				68B813032479161200504A75 /* NSObject.swift */,
			);
			path = Extention;
			sourceTree = "<group>";
		};
		68B813052479174F00504A75 /* Model */ = {
			isa = PBXGroup;
			children = (
				68B81306247917AB00504A75 /* Picture.swift */,
				68B81308247917AB00504A75 /* ProFile.swift */,
				68B81307247917AB00504A75 /* TextData.swift */,
			);
			path = Model;
			sourceTree = "<group>";
		};
		68B8130C247917C200504A75 /* Task26 */ = {
			isa = PBXGroup;
			children = (
				68B813102479182A00504A75 /* ViewController26.swift */,
				680E21E524799F35001156E3 /* ProfileController.swift */,
				680E21E624799F35001156E3 /* ProfileController.xib */,
				6843EB62247A66CA005C8FC6 /* PictureController.swift */,
				6843EB63247A66CA005C8FC6 /* PictureController.xib */,
				6843EB66247A6D6F005C8FC6 /* TextDataController.swift */,
				6843EB67247A6D6F005C8FC6 /* TextDataController.xib */,
				68B8130F247917D800504A75 /* Cells */,
			);
			path = Task26;
			sourceTree = "<group>";
		};
		68B8130F247917D800504A75 /* Cells */ = {
			isa = PBXGroup;
			children = (
				68B813132479183A00504A75 /* ProfileCell.swift */,
				68B813122479183900504A75 /* ProfileCell.xib */,
				68B8131A24791B7800504A75 /* PictureCell.swift */,
				68B8131B24791B7800504A75 /* PictureCell.xib */,
				68B8131E24791B9600504A75 /* TextDataCell.swift */,
				68B8131F24791B9600504A75 /* TextDataCell.xib */,
			);
			path = Cells;
			sourceTree = "<group>";
		};
/* End PBXGroup section */

/* Begin PBXNativeTarget section */
		68B812D8247911CD00504A75 /* hw_lesson19_UITableView_26_27 */ = {
			isa = PBXNativeTarget;
			buildConfigurationList = 68B812ED247911D200504A75 /* Build configuration list for PBXNativeTarget "hw_lesson19_UITableView_26_27" */;
			buildPhases = (
				68B812D5247911CD00504A75 /* Sources */,
				68B812D6247911CD00504A75 /* Frameworks */,
				68B812D7247911CD00504A75 /* Resources */,
			);
			buildRules = (
			);
			dependencies = (
			);
			name = hw_lesson19_UITableView_26_27;
			productName = hw_lesson19_UITableView_26_27;
			productReference = 68B812D9247911CD00504A75 /* hw_lesson19_UITableView_26_27.app */;
			productType = "com.apple.product-type.application";
		};
/* End PBXNativeTarget section */

/* Begin PBXProject section */
		68B812D1247911CD00504A75 /* Project object */ = {
			isa = PBXProject;
			attributes = {
				LastSwiftUpdateCheck = 1140;
				LastUpgradeCheck = 1140;
				ORGANIZATIONNAME = OlegChudnovskiy;
				TargetAttributes = {
					68B812D8247911CD00504A75 = {
						CreatedOnToolsVersion = 11.4.1;
					};
				};
			};
			buildConfigurationList = 68B812D4247911CD00504A75 /* Build configuration list for PBXProject "hw_lesson19_UITableView_26_27" */;
			compatibilityVersion = "Xcode 9.3";
			developmentRegion = en;
			hasScannedForEncodings = 0;
			knownRegions = (
				en,
				Base,
			);
			mainGroup = 68B812D0247911CD00504A75;
			productRefGroup = 68B812DA247911CD00504A75 /* Products */;
			projectDirPath = "";
			projectRoot = "";
			targets = (
				68B812D8247911CD00504A75 /* hw_lesson19_UITableView_26_27 */,
			);
		};
/* End PBXProject section */

/* Begin PBXResourcesBuildPhase section */
		68B812D7247911CD00504A75 /* Resources */ = {
			isa = PBXResourcesBuildPhase;
			buildActionMask = 2147483647;
			files = (
				68B812E9247911D200504A75 /* LaunchScreen.storyboard in Resources */,
				68B813152479183A00504A75 /* ProfileCell.xib in Resources */,
				68B8132124791B9600504A75 /* TextDataCell.xib in Resources */,
				680E21E824799F35001156E3 /* ProfileController.xib in Resources */,
				68B812E6247911D200504A75 /* Assets.xcassets in Resources */,
				68B812E4247911CD00504A75 /* Main.storyboard in Resources */,
				6843EB65247A66CA005C8FC6 /* PictureController.xib in Resources */,
				6843EB69247A6D6F005C8FC6 /* TextDataController.xib in Resources */,
				68B8131D24791B7800504A75 /* PictureCell.xib in Resources */,
			);
			runOnlyForDeploymentPostprocessing = 0;
		};
/* End PBXResourcesBuildPhase section */

/* Begin PBXSourcesBuildPhase section */
		68B812D5247911CD00504A75 /* Sources */ = {
			isa = PBXSourcesBuildPhase;
			buildActionMask = 2147483647;
			files = (
				6843EB68247A6D6F005C8FC6 /* TextDataController.swift in Sources */,
				68B813012479154500504A75 /* TableCell.swift in Sources */,
				68B812DD247911CD00504A75 /* AppDelegate.swift in Sources */,
				6843EB64247A66CA005C8FC6 /* PictureController.swift in Sources */,
				68B8132024791B9600504A75 /* TextDataCell.swift in Sources */,
				68B8130A247917AB00504A75 /* TextData.swift in Sources */,
				68B812FC247914EF00504A75 /* NavigationController.swift in Sources */,
				68B813042479161300504A75 /* NSObject.swift in Sources */,
				68B813112479182A00504A75 /* ViewController26.swift in Sources */,
				68B8130B247917AB00504A75 /* ProFile.swift in Sources */,
				68B81309247917AB00504A75 /* Picture.swift in Sources */,
				68B812FF2479153C00504A75 /* SeparatedProtocol.swift in Sources */,
				68B813162479183A00504A75 /* ProfileCell.swift in Sources */,
				68B812FD247914EF00504A75 /* ViewController.swift in Sources */,
				68B8131C24791B7800504A75 /* PictureCell.swift in Sources */,
				68B812FB247914EF00504A75 /* TableViewController.swift in Sources */,
				680E21E724799F35001156E3 /* ProfileController.swift in Sources */,
			);
			runOnlyForDeploymentPostprocessing = 0;
		};
/* End PBXSourcesBuildPhase section */

/* Begin PBXVariantGroup section */
		68B812E2247911CD00504A75 /* Main.storyboard */ = {
			isa = PBXVariantGroup;
			children = (
				68B812E3247911CD00504A75 /* Base */,
			);
			name = Main.storyboard;
			sourceTree = "<group>";
		};
		68B812E7247911D200504A75 /* LaunchScreen.storyboard */ = {
			isa = PBXVariantGroup;
			children = (
				68B812E8247911D200504A75 /* Base */,
			);
			name = LaunchScreen.storyboard;
			sourceTree = "<group>";
		};
/* End PBXVariantGroup section */

/* Begin XCBuildConfiguration section */
		68B812EB247911D200504A75 /* Debug */ = {
			isa = XCBuildConfiguration;
			buildSettings = {
				ALWAYS_SEARCH_USER_PATHS = NO;
				CLANG_ANALYZER_NONNULL = YES;
				CLANG_ANALYZER_NUMBER_OBJECT_CONVERSION = YES_AGGRESSIVE;
				CLANG_CXX_LANGUAGE_STANDARD = "gnu++14";
				CLANG_CXX_LIBRARY = "libc++";
				CLANG_ENABLE_MODULES = YES;
				CLANG_ENABLE_OBJC_ARC = YES;
				CLANG_ENABLE_OBJC_WEAK = YES;
				CLANG_WARN_BLOCK_CAPTURE_AUTORELEASING = YES;
				CLANG_WARN_BOOL_CONVERSION = YES;
				CLANG_WARN_COMMA = YES;
				CLANG_WARN_CONSTANT_CONVERSION = YES;
				CLANG_WARN_DEPRECATED_OBJC_IMPLEMENTATIONS = YES;
				CLANG_WARN_DIRECT_OBJC_ISA_USAGE = YES_ERROR;
				CLANG_WARN_DOCUMENTATION_COMMENTS = YES;
				CLANG_WARN_EMPTY_BODY = YES;
				CLANG_WARN_ENUM_CONVERSION = YES;
				CLANG_WARN_INFINITE_RECURSION = YES;
				CLANG_WARN_INT_CONVERSION = YES;
				CLANG_WARN_NON_LITERAL_NULL_CONVERSION = YES;
				CLANG_WARN_OBJC_IMPLICIT_RETAIN_SELF = YES;
				CLANG_WARN_OBJC_LITERAL_CONVERSION = YES;
				CLANG_WARN_OBJC_ROOT_CLASS = YES_ERROR;
				CLANG_WARN_RANGE_LOOP_ANALYSIS = YES;
				CLANG_WARN_STRICT_PROTOTYPES = YES;
				CLANG_WARN_SUSPICIOUS_MOVE = YES;
				CLANG_WARN_UNGUARDED_AVAILABILITY = YES_AGGRESSIVE;
				CLANG_WARN_UNREACHABLE_CODE = YES;
				CLANG_WARN__DUPLICATE_METHOD_MATCH = YES;
				COPY_PHASE_STRIP = NO;
				DEBUG_INFORMATION_FORMAT = dwarf;
				ENABLE_STRICT_OBJC_MSGSEND = YES;
				ENABLE_TESTABILITY = YES;
				GCC_C_LANGUAGE_STANDARD = gnu11;
				GCC_DYNAMIC_NO_PIC = NO;
				GCC_NO_COMMON_BLOCKS = YES;
				GCC_OPTIMIZATION_LEVEL = 0;
				GCC_PREPROCESSOR_DEFINITIONS = (
					"DEBUG=1",
					"$(inherited)",
				);
				GCC_WARN_64_TO_32_BIT_CONVERSION = YES;
				GCC_WARN_ABOUT_RETURN_TYPE = YES_ERROR;
				GCC_WARN_UNDECLARED_SELECTOR = YES;
				GCC_WARN_UNINITIALIZED_AUTOS = YES_AGGRESSIVE;
				GCC_WARN_UNUSED_FUNCTION = YES;
				GCC_WARN_UNUSED_VARIABLE = YES;
				IPHONEOS_DEPLOYMENT_TARGET = 13.4;
				MTL_ENABLE_DEBUG_INFO = INCLUDE_SOURCE;
				MTL_FAST_MATH = YES;
				ONLY_ACTIVE_ARCH = YES;
				SDKROOT = iphoneos;
				SWIFT_ACTIVE_COMPILATION_CONDITIONS = DEBUG;
				SWIFT_OPTIMIZATION_LEVEL = "-Onone";
			};
			name = Debug;
		};
		68B812EC247911D200504A75 /* Release */ = {
			isa = XCBuildConfiguration;
			buildSettings = {
				ALWAYS_SEARCH_USER_PATHS = NO;
				CLANG_ANALYZER_NONNULL = YES;
				CLANG_ANALYZER_NUMBER_OBJECT_CONVERSION = YES_AGGRESSIVE;
				CLANG_CXX_LANGUAGE_STANDARD = "gnu++14";
				CLANG_CXX_LIBRARY = "libc++";
				CLANG_ENABLE_MODULES = YES;
				CLANG_ENABLE_OBJC_ARC = YES;
				CLANG_ENABLE_OBJC_WEAK = YES;
				CLANG_WARN_BLOCK_CAPTURE_AUTORELEASING = YES;
				CLANG_WARN_BOOL_CONVERSION = YES;
				CLANG_WARN_COMMA = YES;
				CLANG_WARN_CONSTANT_CONVERSION = YES;
				CLANG_WARN_DEPRECATED_OBJC_IMPLEMENTATIONS = YES;
				CLANG_WARN_DIRECT_OBJC_ISA_USAGE = YES_ERROR;
				CLANG_WARN_DOCUMENTATION_COMMENTS = YES;
				CLANG_WARN_EMPTY_BODY = YES;
				CLANG_WARN_ENUM_CONVERSION = YES;
				CLANG_WARN_INFINITE_RECURSION = YES;
				CLANG_WARN_INT_CONVERSION = YES;
				CLANG_WARN_NON_LITERAL_NULL_CONVERSION = YES;
				CLANG_WARN_OBJC_IMPLICIT_RETAIN_SELF = YES;
				CLANG_WARN_OBJC_LITERAL_CONVERSION = YES;
				CLANG_WARN_OBJC_ROOT_CLASS = YES_ERROR;
				CLANG_WARN_RANGE_LOOP_ANALYSIS = YES;
				CLANG_WARN_STRICT_PROTOTYPES = YES;
				CLANG_WARN_SUSPICIOUS_MOVE = YES;
				CLANG_WARN_UNGUARDED_AVAILABILITY = YES_AGGRESSIVE;
				CLANG_WARN_UNREACHABLE_CODE = YES;
				CLANG_WARN__DUPLICATE_METHOD_MATCH = YES;
				COPY_PHASE_STRIP = NO;
				DEBUG_INFORMATION_FORMAT = "dwarf-with-dsym";
				ENABLE_NS_ASSERTIONS = NO;
				ENABLE_STRICT_OBJC_MSGSEND = YES;
				GCC_C_LANGUAGE_STANDARD = gnu11;
				GCC_NO_COMMON_BLOCKS = YES;
				GCC_WARN_64_TO_32_BIT_CONVERSION = YES;
				GCC_WARN_ABOUT_RETURN_TYPE = YES_ERROR;
				GCC_WARN_UNDECLARED_SELECTOR = YES;
				GCC_WARN_UNINITIALIZED_AUTOS = YES_AGGRESSIVE;
				GCC_WARN_UNUSED_FUNCTION = YES;
				GCC_WARN_UNUSED_VARIABLE = YES;
				IPHONEOS_DEPLOYMENT_TARGET = 13.4;
				MTL_ENABLE_DEBUG_INFO = NO;
				MTL_FAST_MATH = YES;
				SDKROOT = iphoneos;
				SWIFT_COMPILATION_MODE = wholemodule;
				SWIFT_OPTIMIZATION_LEVEL = "-O";
				VALIDATE_PRODUCT = YES;
			};
			name = Release;
		};
		68B812EE247911D200504A75 /* Debug */ = {
			isa = XCBuildConfiguration;
			buildSettings = {
				ASSETCATALOG_COMPILER_APPICON_NAME = AppIcon;
				CODE_SIGN_STYLE = Automatic;
				INFOPLIST_FILE = hw_lesson19_UITableView_26_27/Info.plist;
				IPHONEOS_DEPLOYMENT_TARGET = 12.2;
				LD_RUNPATH_SEARCH_PATHS = (
					"$(inherited)",
					"@executable_path/Frameworks",
				);
				PRODUCT_BUNDLE_IDENTIFIER = "com.OlegChudnovskiy.hw-lesson19-UITableView-26-27";
				PRODUCT_NAME = "$(TARGET_NAME)";
				SWIFT_VERSION = 5.0;
				TARGETED_DEVICE_FAMILY = "1,2";
			};
			name = Debug;
		};
		68B812EF247911D200504A75 /* Release */ = {
			isa = XCBuildConfiguration;
			buildSettings = {
				ASSETCATALOG_COMPILER_APPICON_NAME = AppIcon;
				CODE_SIGN_STYLE = Automatic;
				INFOPLIST_FILE = hw_lesson19_UITableView_26_27/Info.plist;
				IPHONEOS_DEPLOYMENT_TARGET = 12.2;
				LD_RUNPATH_SEARCH_PATHS = (
					"$(inherited)",
					"@executable_path/Frameworks",
				);
				PRODUCT_BUNDLE_IDENTIFIER = "com.OlegChudnovskiy.hw-lesson19-UITableView-26-27";
				PRODUCT_NAME = "$(TARGET_NAME)";
				SWIFT_VERSION = 5.0;
				TARGETED_DEVICE_FAMILY = "1,2";
			};
			name = Release;
		};
/* End XCBuildConfiguration section */

/* Begin XCConfigurationList section */
		68B812D4247911CD00504A75 /* Build configuration list for PBXProject "hw_lesson19_UITableView_26_27" */ = {
			isa = XCConfigurationList;
			buildConfigurations = (
				68B812EB247911D200504A75 /* Debug */,
				68B812EC247911D200504A75 /* Release */,
			);
			defaultConfigurationIsVisible = 0;
			defaultConfigurationName = Release;
		};
		68B812ED247911D200504A75 /* Build configuration list for PBXNativeTarget "hw_lesson19_UITableView_26_27" */ = {
			isa = XCConfigurationList;
			buildConfigurations = (
				68B812EE247911D200504A75 /* Debug */,
				68B812EF247911D200504A75 /* Release */,
			);
			defaultConfigurationIsVisible = 0;
			defaultConfigurationName = Release;
		};
/* End XCConfigurationList section */
	};
	rootObject = 68B812D1247911CD00504A75 /* Project object */;
}
